
Microsoft Visual Studio Solution File, Format Version 12.00
# Visual Studio 15
VisualStudioVersion = 15.0.28307.757
MinimumVisualStudioVersion = 10.0.40219.1
Project("{FAE04EC0-301F-11D3-BF4B-00C04F79EFBC}") = "Fiszki.Android", "Fiszki\Fiszki.Android\Fiszki.Android.csproj", "{4DFA4912-9385-4231-915E-5922B26D9F17}"
EndProject
Project("{FAE04EC0-301F-11D3-BF4B-00C04F79EFBC}") = "Fiszki.iOS", "Fiszki\Fiszki.iOS\Fiszki.iOS.csproj", "{8123F537-4A6F-45E9-8100-C2FD407C440A}"
EndProject
Project("{FAE04EC0-301F-11D3-BF4B-00C04F79EFBC}") = "Fiszki.UWP", "Fiszki\Fiszki.UWP\Fiszki.UWP.csproj", "{8D5D8B0F-5007-4D37-AD9D-B5577F570C15}"
EndProject
Project("{9A19103F-16F7-4668-BE54-9A1E7A4F7556}") = "Fiszki", "Fiszki\Fiszki\Fiszki.csproj", "{0DA59FEF-1BAF-49AE-8A42-EEB5628F6B9D}"
EndProject
Global
	GlobalSection(SolutionConfigurationPlatforms) = preSolution
		Ad-Hoc|Any CPU = Ad-Hoc|Any CPU
		Ad-Hoc|ARM = Ad-Hoc|ARM
		Ad-Hoc|iPhone = Ad-Hoc|iPhone
		Ad-Hoc|iPhoneSimulator = Ad-Hoc|iPhoneSimulator
		Ad-Hoc|x64 = Ad-Hoc|x64
		Ad-Hoc|x86 = Ad-Hoc|x86
		AppStore|Any CPU = AppStore|Any CPU
		AppStore|ARM = AppStore|ARM
		AppStore|iPhone = AppStore|iPhone
		AppStore|iPhoneSimulator = AppStore|iPhoneSimulator
		AppStore|x64 = AppStore|x64
		AppStore|x86 = AppStore|x86
		Debug|Any CPU = Debug|Any CPU
		Debug|ARM = Debug|ARM
		Debug|iPhone = Debug|iPhone
		Debug|iPhoneSimulator = Debug|iPhoneSimulator
		Debug|x64 = Debug|x64
		Debug|x86 = Debug|x86
		Release|Any CPU = Release|Any CPU
		Release|ARM = Release|ARM
		Release|iPhone = Release|iPhone
		Release|iPhoneSimulator = Release|iPhoneSimulator
		Release|x64 = Release|x64
		Release|x86 = Release|x86
	EndGlobalSection
	GlobalSection(ProjectConfigurationPlatforms) = postSolution
		{4DFA4912-9385-4231-915E-5922B26D9F17}.Ad-Hoc|Any CPU.ActiveCfg = Release|Any CPU
		{4DFA4912-9385-4231-915E-5922B26D9F17}.Ad-Hoc|Any CPU.Build.0 = Release|Any CPU
		{4DFA4912-9385-4231-915E-5922B26D9F17}.Ad-Hoc|Any CPU.Deploy.0 = Release|Any CPU
		{4DFA4912-9385-4231-915E-5922B26D9F17}.Ad-Hoc|ARM.ActiveCfg = Release|Any CPU
		{4DFA4912-9385-4231-915E-5922B26D9F17}.Ad-Hoc|ARM.Build.0 = Release|Any CPU
		{4DFA4912-9385-4231-915E-5922B26D9F17}.Ad-Hoc|ARM.Deploy.0 = Release|Any CPU
		{4DFA4912-9385-4231-915E-5922B26D9F17}.Ad-Hoc|iPhone.ActiveCfg = Release|Any CPU
		{4DFA4912-9385-4231-915E-5922B26D9F17}.Ad-Hoc|iPhone.Build.0 = Release|Any CPU
		{4DFA4912-9385-4231-915E-5922B26D9F17}.Ad-Hoc|iPhone.Deploy.0 = Release|Any CPU
		{4DFA4912-9385-4231-915E-5922B26D9F17}.Ad-Hoc|iPhoneSimulator.ActiveCfg = Release|Any CPU
		{4DFA4912-9385-4231-915E-5922B26D9F17}.Ad-Hoc|iPhoneSimulator.Build.0 = Release|Any CPU
		{4DFA4912-9385-4231-915E-5922B26D9F17}.Ad-Hoc|iPhoneSimulator.Deploy.0 = Release|Any CPU
		{4DFA4912-9385-4231-915E-5922B26D9F17}.Ad-Hoc|x64.ActiveCfg = Release|Any CPU
		{4DFA4912-9385-4231-915E-5922B26D9F17}.Ad-Hoc|x64.Build.0 = Release|Any CPU
		{4DFA4912-9385-4231-915E-5922B26D9F17}.Ad-Hoc|x64.Deploy.0 = Release|Any CPU
		{4DFA4912-9385-4231-915E-5922B26D9F17}.Ad-Hoc|x86.ActiveCfg = Release|Any CPU
		{4DFA4912-9385-4231-915E-5922B26D9F17}.Ad-Hoc|x86.Build.0 = Release|Any CPU
		{4DFA4912-9385-4231-915E-5922B26D9F17}.Ad-Hoc|x86.Deploy.0 = Release|Any CPU
		{4DFA4912-9385-4231-915E-5922B26D9F17}.AppStore|Any CPU.ActiveCfg = Release|Any CPU
		{4DFA4912-9385-4231-915E-5922B26D9F17}.AppStore|Any CPU.Build.0 = Release|Any CPU
		{4DFA4912-9385-4231-915E-5922B26D9F17}.AppStore|Any CPU.Deploy.0 = Release|Any CPU
		{4DFA4912-9385-4231-915E-5922B26D9F17}.AppStore|ARM.ActiveCfg = Release|Any CPU
		{4DFA4912-9385-4231-915E-5922B26D9F17}.AppStore|ARM.Build.0 = Release|Any CPU
		{4DFA4912-9385-4231-915E-5922B26D9F17}.AppStore|ARM.Deploy.0 = Release|Any CPU
		{4DFA4912-9385-4231-915E-5922B26D9F17}.AppStore|iPhone.ActiveCfg = Release|Any CPU
		{4DFA4912-9385-4231-915E-5922B26D9F17}.AppStore|iPhone.Build.0 = Release|Any CPU
		{4DFA4912-9385-4231-915E-5922B26D9F17}.AppStore|iPhone.Deploy.0 = Release|Any CPU
		{4DFA4912-9385-4231-915E-5922B26D9F17}.AppStore|iPhoneSimulator.ActiveCfg = Release|Any CPU
		{4DFA4912-9385-4231-915E-5922B26D9F17}.AppStore|iPhoneSimulator.Build.0 = Release|Any CPU
		{4DFA4912-9385-4231-915E-5922B26D9F17}.AppStore|iPhoneSimulator.Deploy.0 = Release|Any CPU
		{4DFA4912-9385-4231-915E-5922B26D9F17}.AppStore|x64.ActiveCfg = Release|Any CPU
		{4DFA4912-9385-4231-915E-5922B26D9F17}.AppStore|x64.Build.0 = Release|Any CPU
		{4DFA4912-9385-4231-915E-5922B26D9F17}.AppStore|x64.Deploy.0 = Release|Any CPU
		{4DFA4912-9385-4231-915E-5922B26D9F17}.AppStore|x86.ActiveCfg = Release|Any CPU
		{4DFA4912-9385-4231-915E-5922B26D9F17}.AppStore|x86.Build.0 = Release|Any CPU
		{4DFA4912-9385-4231-915E-5922B26D9F17}.AppStore|x86.Deploy.0 = Release|Any CPU
		{4DFA4912-9385-4231-915E-5922B26D9F17}.Debug|Any CPU.ActiveCfg = Debug|Any CPU
		{4DFA4912-9385-4231-915E-5922B26D9F17}.Debug|Any CPU.Build.0 = Debug|Any CPU
		{4DFA4912-9385-4231-915E-5922B26D9F17}.Debug|Any CPU.Deploy.0 = Debug|Any CPU
		{4DFA4912-9385-4231-915E-5922B26D9F17}.Debug|ARM.ActiveCfg = Debug|Any CPU
		{4DFA4912-9385-4231-915E-5922B26D9F17}.Debug|ARM.Build.0 = Debug|Any CPU
		{4DFA4912-9385-4231-915E-5922B26D9F17}.Debug|ARM.Deploy.0 = Debug|Any CPU
		{4DFA4912-9385-4231-915E-5922B26D9F17}.Debug|iPhone.ActiveCfg = Debug|Any CPU
		{4DFA4912-9385-4231-915E-5922B26D9F17}.Debug|iPhone.Build.0 = Debug|Any CPU
		{4DFA4912-9385-4231-915E-5922B26D9F17}.Debug|iPhone.Deploy.0 = Debug|Any CPU
		{4DFA4912-9385-4231-915E-5922B26D9F17}.Debug|iPhoneSimulator.ActiveCfg = Debug|Any CPU
		{4DFA4912-9385-4231-915E-5922B26D9F17}.Debug|iPhoneSimulator.Build.0 = Debug|Any CPU
		{4DFA4912-9385-4231-915E-5922B26D9F17}.Debug|iPhoneSimulator.Deploy.0 = Debug|Any CPU
		{4DFA4912-9385-4231-915E-5922B26D9F17}.Debug|x64.ActiveCfg = Debug|Any CPU
		{4DFA4912-9385-4231-915E-5922B26D9F17}.Debug|x64.Build.0 = Debug|Any CPU
		{4DFA4912-9385-4231-915E-5922B26D9F17}.Debug|x64.Deploy.0 = Debug|Any CPU
		{4DFA4912-9385-4231-915E-5922B26D9F17}.Debug|x86.ActiveCfg = Debug|Any CPU
		{4DFA4912-9385-4231-915E-5922B26D9F17}.Debug|x86.Build.0 = Debug|Any CPU
		{4DFA4912-9385-4231-915E-5922B26D9F17}.Debug|x86.Deploy.0 = Debug|Any CPU
		{4DFA4912-9385-4231-915E-5922B26D9F17}.Release|Any CPU.ActiveCfg = Release|Any CPU
		{4DFA4912-9385-4231-915E-5922B26D9F17}.Release|Any CPU.Build.0 = Release|Any CPU
		{4DFA4912-9385-4231-915E-5922B26D9F17}.Release|Any CPU.Deploy.0 = Release|Any CPU
		{4DFA4912-9385-4231-915E-5922B26D9F17}.Release|ARM.ActiveCfg = Release|Any CPU
		{4DFA4912-9385-4231-915E-5922B26D9F17}.Release|ARM.Build.0 = Release|Any CPU
		{4DFA4912-9385-4231-915E-5922B26D9F17}.Release|ARM.Deploy.0 = Release|Any CPU
		{4DFA4912-9385-4231-915E-5922B26D9F17}.Release|iPhone.ActiveCfg = Release|Any CPU
		{4DFA4912-9385-4231-915E-5922B26D9F17}.Release|iPhone.Build.0 = Release|Any CPU
		{4DFA4912-9385-4231-915E-5922B26D9F17}.Release|iPhone.Deploy.0 = Release|Any CPU
		{4DFA4912-9385-4231-915E-5922B26D9F17}.Release|iPhoneSimulator.ActiveCfg = Release|Any CPU
		{4DFA4912-9385-4231-915E-5922B26D9F17}.Release|iPhoneSimulator.Build.0 = Release|Any CPU
		{4DFA4912-9385-4231-915E-5922B26D9F17}.Release|iPhoneSimulator.Deploy.0 = Release|Any CPU
		{4DFA4912-9385-4231-915E-5922B26D9F17}.Release|x64.ActiveCfg = Release|Any CPU
		{4DFA4912-9385-4231-915E-5922B26D9F17}.Release|x64.Build.0 = Release|Any CPU
		{4DFA4912-9385-4231-915E-5922B26D9F17}.Release|x64.Deploy.0 = Release|Any CPU
		{4DFA4912-9385-4231-915E-5922B26D9F17}.Release|x86.ActiveCfg = Release|Any CPU
		{4DFA4912-9385-4231-915E-5922B26D9F17}.Release|x86.Build.0 = Release|Any CPU
		{4DFA4912-9385-4231-915E-5922B26D9F17}.Release|x86.Deploy.0 = Release|Any CPU
		{8123F537-4A6F-45E9-8100-C2FD407C440A}.Ad-Hoc|Any CPU.ActiveCfg = Ad-Hoc|iPhone
		{8123F537-4A6F-45E9-8100-C2FD407C440A}.Ad-Hoc|Any CPU.Build.0 = Ad-Hoc|iPhone
		{8123F537-4A6F-45E9-8100-C2FD407C440A}.Ad-Hoc|Any CPU.Deploy.0 = Ad-Hoc|iPhone
		{8123F537-4A6F-45E9-8100-C2FD407C440A}.Ad-Hoc|ARM.ActiveCfg = Ad-Hoc|iPhone
		{8123F537-4A6F-45E9-8100-C2FD407C440A}.Ad-Hoc|ARM.Build.0 = Ad-Hoc|iPhone
		{8123F537-4A6F-45E9-8100-C2FD407C440A}.Ad-Hoc|ARM.Deploy.0 = Ad-Hoc|iPhone
		{8123F537-4A6F-45E9-8100-C2FD407C440A}.Ad-Hoc|iPhone.ActiveCfg = Ad-Hoc|iPhone
		{8123F537-4A6F-45E9-8100-C2FD407C440A}.Ad-Hoc|iPhone.Build.0 = Ad-Hoc|iPhone
		{8123F537-4A6F-45E9-8100-C2FD407C440A}.Ad-Hoc|iPhone.Deploy.0 = Ad-Hoc|iPhone
		{8123F537-4A6F-45E9-8100-C2FD407C440A}.Ad-Hoc|iPhoneSimulator.ActiveCfg = Ad-Hoc|iPhoneSimulator
		{8123F537-4A6F-45E9-8100-C2FD407C440A}.Ad-Hoc|iPhoneSimulator.Build.0 = Ad-Hoc|iPhoneSimulator
		{8123F537-4A6F-45E9-8100-C2FD407C440A}.Ad-Hoc|iPhoneSimulator.Deploy.0 = Ad-Hoc|iPhoneSimulator
		{8123F537-4A6F-45E9-8100-C2FD407C440A}.Ad-Hoc|x64.ActiveCfg = Ad-Hoc|iPhone
		{8123F537-4A6F-45E9-8100-C2FD407C440A}.Ad-Hoc|x64.Build.0 = Ad-Hoc|iPhone
		{8123F537-4A6F-45E9-8100-C2FD407C440A}.Ad-Hoc|x64.Deploy.0 = Ad-Hoc|iPhone
		{8123F537-4A6F-45E9-8100-C2FD407C440A}.Ad-Hoc|x86.ActiveCfg = Ad-Hoc|iPhone
		{8123F537-4A6F-45E9-8100-C2FD407C440A}.Ad-Hoc|x86.Build.0 = Ad-Hoc|iPhone
		{8123F537-4A6F-45E9-8100-C2FD407C440A}.Ad-Hoc|x86.Deploy.0 = Ad-Hoc|iPhone
		{8123F537-4A6F-45E9-8100-C2FD407C440A}.AppStore|Any CPU.ActiveCfg = AppStore|iPhone
		{8123F537-4A6F-45E9-8100-C2FD407C440A}.AppStore|Any CPU.Build.0 = AppStore|iPhone
		{8123F537-4A6F-45E9-8100-C2FD407C440A}.AppStore|Any CPU.Deploy.0 = AppStore|iPhone
		{8123F537-4A6F-45E9-8100-C2FD407C440A}.AppStore|ARM.ActiveCfg = AppStore|iPhone
		{8123F537-4A6F-45E9-8100-C2FD407C440A}.AppStore|ARM.Build.0 = AppStore|iPhone
		{8123F537-4A6F-45E9-8100-C2FD407C440A}.AppStore|ARM.Deploy.0 = AppStore|iPhone
		{8123F537-4A6F-45E9-8100-C2FD407C440A}.AppStore|iPhone.ActiveCfg = AppStore|iPhone
		{8123F537-4A6F-45E9-8100-C2FD407C440A}.AppStore|iPhone.Build.0 = AppStore|iPhone
		{8123F537-4A6F-45E9-8100-C2FD407C440A}.AppStore|iPhone.Deploy.0 = AppStore|iPhone
		{8123F537-4A6F-45E9-8100-C2FD407C440A}.AppStore|iPhoneSimulator.ActiveCfg = AppStore|iPhoneSimulator
		{8123F537-4A6F-45E9-8100-C2FD407C440A}.AppStore|iPhoneSimulator.Build.0 = AppStore|iPhoneSimulator
		{8123F537-4A6F-45E9-8100-C2FD407C440A}.AppStore|iPhoneSimulator.Deploy.0 = AppStore|iPhoneSimulator
		{8123F537-4A6F-45E9-8100-C2FD407C440A}.AppStore|x64.ActiveCfg = AppStore|iPhone
		{8123F537-4A6F-45E9-8100-C2FD407C440A}.AppStore|x64.Build.0 = AppStore|iPhone
		{8123F537-4A6F-45E9-8100-C2FD407C440A}.AppStore|x64.Deploy.0 = AppStore|iPhone
		{8123F537-4A6F-45E9-8100-C2FD407C440A}.AppStore|x86.ActiveCfg = AppStore|iPhone
		{8123F537-4A6F-45E9-8100-C2FD407C440A}.AppStore|x86.Build.0 = AppStore|iPhone
		{8123F537-4A6F-45E9-8100-C2FD407C440A}.AppStore|x86.Deploy.0 = AppStore|iPhone
		{8123F537-4A6F-45E9-8100-C2FD407C440A}.Debug|Any CPU.ActiveCfg = Debug|iPhoneSimulator
		{8123F537-4A6F-45E9-8100-C2FD407C440A}.Debug|Any CPU.Build.0 = Debug|iPhoneSimulator
		{8123F537-4A6F-45E9-8100-C2FD407C440A}.Debug|Any CPU.Deploy.0 = Debug|iPhoneSimulator
		{8123F537-4A6F-45E9-8100-C2FD407C440A}.Debug|ARM.ActiveCfg = Debug|iPhone
		{8123F537-4A6F-45E9-8100-C2FD407C440A}.Debug|ARM.Build.0 = Debug|iPhone
		{8123F537-4A6F-45E9-8100-C2FD407C440A}.Debug|ARM.Deploy.0 = Debug|iPhone
		{8123F537-4A6F-45E9-8100-C2FD407C440A}.Debug|iPhone.ActiveCfg = Debug|iPhone
		{8123F537-4A6F-45E9-8100-C2FD407C440A}.Debug|iPhone.Build.0 = Debug|iPhone
		{8123F537-4A6F-45E9-8100-C2FD407C440A}.Debug|iPhone.Deploy.0 = Debug|iPhone
		{8123F537-4A6F-45E9-8100-C2FD407C440A}.Debug|iPhoneSimulator.ActiveCfg = Debug|iPhoneSimulator
		{8123F537-4A6F-45E9-8100-C2FD407C440A}.Debug|iPhoneSimulator.Build.0 = Debug|iPhoneSimulator
		{8123F537-4A6F-45E9-8100-C2FD407C440A}.Debug|iPhoneSimulator.Deploy.0 = Debug|iPhoneSimulator
		{8123F537-4A6F-45E9-8100-C2FD407C440A}.Debug|x64.ActiveCfg = Debug|iPhone
		{8123F537-4A6F-45E9-8100-C2FD407C440A}.Debug|x64.Build.0 = Debug|iPhone
		{8123F537-4A6F-45E9-8100-C2FD407C440A}.Debug|x64.Deploy.0 = Debug|iPhone
		{8123F537-4A6F-45E9-8100-C2FD407C440A}.Debug|x86.ActiveCfg = Debug|iPhone
		{8123F537-4A6F-45E9-8100-C2FD407C440A}.Debug|x86.Build.0 = Debug|iPhone
		{8123F537-4A6F-45E9-8100-C2FD407C440A}.Debug|x86.Deploy.0 = Debug|iPhone
		{8123F537-4A6F-45E9-8100-C2FD407C440A}.Release|Any CPU.ActiveCfg = Release|iPhone
		{8123F537-4A6F-45E9-8100-C2FD407C440A}.Release|Any CPU.Build.0 = Release|iPhone
		{8123F537-4A6F-45E9-8100-C2FD407C440A}.Release|Any CPU.Deploy.0 = Release|iPhone
		{8123F537-4A6F-45E9-8100-C2FD407C440A}.Release|ARM.ActiveCfg = Release|iPhone
		{8123F537-4A6F-45E9-8100-C2FD407C440A}.Release|ARM.Build.0 = Release|iPhone
		{8123F537-4A6F-45E9-8100-C2FD407C440A}.Release|ARM.Deploy.0 = Release|iPhone
		{8123F537-4A6F-45E9-8100-C2FD407C440A}.Release|iPhone.ActiveCfg = Release|iPhone
		{8123F537-4A6F-45E9-8100-C2FD407C440A}.Release|iPhone.Build.0 = Release|iPhone
		{8123F537-4A6F-45E9-8100-C2FD407C440A}.Release|iPhone.Deploy.0 = Release|iPhone
		{8123F537-4A6F-45E9-8100-C2FD407C440A}.Release|iPhoneSimulator.ActiveCfg = Release|iPhoneSimulator
		{8123F537-4A6F-45E9-8100-C2FD407C440A}.Release|iPhoneSimulator.Build.0 = Release|iPhoneSimulator
		{8123F537-4A6F-45E9-8100-C2FD407C440A}.Release|iPhoneSimulator.Deploy.0 = Release|iPhoneSimulator
		{8123F537-4A6F-45E9-8100-C2FD407C440A}.Release|x64.ActiveCfg = Release|iPhone
		{8123F537-4A6F-45E9-8100-C2FD407C440A}.Release|x64.Build.0 = Release|iPhone
		{8123F537-4A6F-45E9-8100-C2FD407C440A}.Release|x64.Deploy.0 = Release|iPhone
		{8123F537-4A6F-45E9-8100-C2FD407C440A}.Release|x86.ActiveCfg = Release|iPhone
		{8123F537-4A6F-45E9-8100-C2FD407C440A}.Release|x86.Build.0 = Release|iPhone
		{8123F537-4A6F-45E9-8100-C2FD407C440A}.Release|x86.Deploy.0 = Release|iPhone
		{8D5D8B0F-5007-4D37-AD9D-B5577F570C15}.Ad-Hoc|Any CPU.ActiveCfg = Release|x86
		{8D5D8B0F-5007-4D37-AD9D-B5577F570C15}.Ad-Hoc|Any CPU.Build.0 = Release|x86
		{8D5D8B0F-5007-4D37-AD9D-B5577F570C15}.Ad-Hoc|Any CPU.Deploy.0 = Release|x86
		{8D5D8B0F-5007-4D37-AD9D-B5577F570C15}.Ad-Hoc|ARM.ActiveCfg = Release|ARM
		{8D5D8B0F-5007-4D37-AD9D-B5577F570C15}.Ad-Hoc|ARM.Build.0 = Release|ARM
		{8D5D8B0F-5007-4D37-AD9D-B5577F570C15}.Ad-Hoc|ARM.Deploy.0 = Release|ARM
		{8D5D8B0F-5007-4D37-AD9D-B5577F570C15}.Ad-Hoc|iPhone.ActiveCfg = Release|x86
		{8D5D8B0F-5007-4D37-AD9D-B5577F570C15}.Ad-Hoc|iPhone.Build.0 = Release|x86
		{8D5D8B0F-5007-4D37-AD9D-B5577F570C15}.Ad-Hoc|iPhone.Deploy.0 = Release|x86
		{8D5D8B0F-5007-4D37-AD9D-B5577F570C15}.Ad-Hoc|iPhoneSimulator.ActiveCfg = Release|x86
		{8D5D8B0F-5007-4D37-AD9D-B5577F570C15}.Ad-Hoc|iPhoneSimulator.Build.0 = Release|x86
		{8D5D8B0F-5007-4D37-AD9D-B5577F570C15}.Ad-Hoc|iPhoneSimulator.Deploy.0 = Release|x86
		{8D5D8B0F-5007-4D37-AD9D-B5577F570C15}.Ad-Hoc|x64.ActiveCfg = Release|x64
		{8D5D8B0F-5007-4D37-AD9D-B5577F570C15}.Ad-Hoc|x64.Build.0 = Release|x64
		{8D5D8B0F-5007-4D37-AD9D-B5577F570C15}.Ad-Hoc|x64.Deploy.0 = Release|x64
		{8D5D8B0F-5007-4D37-AD9D-B5577F570C15}.Ad-Hoc|x86.ActiveCfg = Release|x86
		{8D5D8B0F-5007-4D37-AD9D-B5577F570C15}.Ad-Hoc|x86.Build.0 = Release|x86
		{8D5D8B0F-5007-4D37-AD9D-B5577F570C15}.Ad-Hoc|x86.Deploy.0 = Release|x86
		{8D5D8B0F-5007-4D37-AD9D-B5577F570C15}.AppStore|Any CPU.ActiveCfg = Release|x86
		{8D5D8B0F-5007-4D37-AD9D-B5577F570C15}.AppStore|Any CPU.Build.0 = Release|x86
		{8D5D8B0F-5007-4D37-AD9D-B5577F570C15}.AppStore|Any CPU.Deploy.0 = Release|x86
		{8D5D8B0F-5007-4D37-AD9D-B5577F570C15}.AppStore|ARM.ActiveCfg = Release|ARM
		{8D5D8B0F-5007-4D37-AD9D-B5577F570C15}.AppStore|ARM.Build.0 = Release|ARM
		{8D5D8B0F-5007-4D37-AD9D-B5577F570C15}.AppStore|ARM.Deploy.0 = Release|ARM
		{8D5D8B0F-5007-4D37-AD9D-B5577F570C15}.AppStore|iPhone.ActiveCfg = Release|x86
		{8D5D8B0F-5007-4D37-AD9D-B5577F570C15}.AppStore|iPhone.Build.0 = Release|x86
		{8D5D8B0F-5007-4D37-AD9D-B5577F570C15}.AppStore|iPhone.Deploy.0 = Release|x86
		{8D5D8B0F-5007-4D37-AD9D-B5577F570C15}.AppStore|iPhoneSimulator.ActiveCfg = Release|x86
		{8D5D8B0F-5007-4D37-AD9D-B5577F570C15}.AppStore|iPhoneSimulator.Build.0 = Release|x86
		{8D5D8B0F-5007-4D37-AD9D-B5577F570C15}.AppStore|iPhoneSimulator.Deploy.0 = Release|x86
		{8D5D8B0F-5007-4D37-AD9D-B5577F570C15}.AppStore|x64.ActiveCfg = Release|x64
		{8D5D8B0F-5007-4D37-AD9D-B5577F570C15}.AppStore|x64.Build.0 = Release|x64
		{8D5D8B0F-5007-4D37-AD9D-B5577F570C15}.AppStore|x64.Deploy.0 = Release|x64
		{8D5D8B0F-5007-4D37-AD9D-B5577F570C15}.AppStore|x86.ActiveCfg = Release|x86
		{8D5D8B0F-5007-4D37-AD9D-B5577F570C15}.AppStore|x86.Build.0 = Release|x86
		{8D5D8B0F-5007-4D37-AD9D-B5577F570C15}.AppStore|x86.Deploy.0 = Release|x86
		{8D5D8B0F-5007-4D37-AD9D-B5577F570C15}.Debug|Any CPU.ActiveCfg = Debug|x86
		{8D5D8B0F-5007-4D37-AD9D-B5577F570C15}.Debug|Any CPU.Build.0 = Debug|x86
		{8D5D8B0F-5007-4D37-AD9D-B5577F570C15}.Debug|Any CPU.Deploy.0 = Debug|x86
		{8D5D8B0F-5007-4D37-AD9D-B5577F570C15}.Debug|ARM.ActiveCfg = Debug|ARM
		{8D5D8B0F-5007-4D37-AD9D-B5577F570C15}.Debug|ARM.Build.0 = Debug|ARM
		{8D5D8B0F-5007-4D37-AD9D-B5577F570C15}.Debug|ARM.Deploy.0 = Debug|ARM
		{8D5D8B0F-5007-4D37-AD9D-B5577F570C15}.Debug|iPhone.ActiveCfg = Debug|x86
		{8D5D8B0F-5007-4D37-AD9D-B5577F570C15}.Debug|iPhone.Build.0 = Debug|x86
		{8D5D8B0F-5007-4D37-AD9D-B5577F570C15}.Debug|iPhone.Deploy.0 = Debug|x86
		{8D5D8B0F-5007-4D37-AD9D-B5577F570C15}.Debug|iPhoneSimulator.ActiveCfg = Debug|x86
		{8D5D8B0F-5007-4D37-AD9D-B5577F570C15}.Debug|iPhoneSimulator.Build.0 = Debug|x86
		{8D5D8B0F-5007-4D37-AD9D-B5577F570C15}.Debug|iPhoneSimulator.Deploy.0 = Debug|x86
		{8D5D8B0F-5007-4D37-AD9D-B5577F570C15}.Debug|x64.ActiveCfg = Debug|x64
		{8D5D8B0F-5007-4D37-AD9D-B5577F570C15}.Debug|x64.Build.0 = Debug|x64
		{8D5D8B0F-5007-4D37-AD9D-B5577F570C15}.Debug|x64.Deploy.0 = Debug|x64
		{8D5D8B0F-5007-4D37-AD9D-B5577F570C15}.Debug|x86.ActiveCfg = Debug|x86
		{8D5D8B0F-5007-4D37-AD9D-B5577F570C15}.Debug|x86.Build.0 = Debug|x86
		{8D5D8B0F-5007-4D37-AD9D-B5577F570C15}.Debug|x86.Deploy.0 = Debug|x86
		{8D5D8B0F-5007-4D37-AD9D-B5577F570C15}.Release|Any CPU.ActiveCfg = Release|x86
		{8D5D8B0F-5007-4D37-AD9D-B5577F570C15}.Release|Any CPU.Build.0 = Release|x86
		{8D5D8B0F-5007-4D37-AD9D-B5577F570C15}.Release|Any CPU.Deploy.0 = Release|x86
		{8D5D8B0F-5007-4D37-AD9D-B5577F570C15}.Release|ARM.ActiveCfg = Release|ARM
		{8D5D8B0F-5007-4D37-AD9D-B5577F570C15}.Release|ARM.Build.0 = Release|ARM
		{8D5D8B0F-5007-4D37-AD9D-B5577F570C15}.Release|ARM.Deploy.0 = Release|ARM
		{8D5D8B0F-5007-4D37-AD9D-B5577F570C15}.Release|iPhone.ActiveCfg = Release|x86
		{8D5D8B0F-5007-4D37-AD9D-B5577F570C15}.Release|iPhone.Build.0 = Release|x86
		{8D5D8B0F-5007-4D37-AD9D-B5577F570C15}.Release|iPhone.Deploy.0 = Release|x86
		{8D5D8B0F-5007-4D37-AD9D-B5577F570C15}.Release|iPhoneSimulator.ActiveCfg = Release|x86
		{8D5D8B0F-5007-4D37-AD9D-B5577F570C15}.Release|iPhoneSimulator.Build.0 = Release|x86
		{8D5D8B0F-5007-4D37-AD9D-B5577F570C15}.Release|iPhoneSimulator.Deploy.0 = Release|x86
		{8D5D8B0F-5007-4D37-AD9D-B5577F570C15}.Release|x64.ActiveCfg = Release|x64
		{8D5D8B0F-5007-4D37-AD9D-B5577F570C15}.Release|x64.Build.0 = Release|x64
		{8D5D8B0F-5007-4D37-AD9D-B5577F570C15}.Release|x64.Deploy.0 = Release|x64
		{8D5D8B0F-5007-4D37-AD9D-B5577F570C15}.Release|x86.ActiveCfg = Release|x86
		{8D5D8B0F-5007-4D37-AD9D-B5577F570C15}.Release|x86.Build.0 = Release|x86
		{8D5D8B0F-5007-4D37-AD9D-B5577F570C15}.Release|x86.Deploy.0 = Release|x86
		{0DA59FEF-1BAF-49AE-8A42-EEB5628F6B9D}.Ad-Hoc|Any CPU.ActiveCfg = Debug|Any CPU
		{0DA59FEF-1BAF-49AE-8A42-EEB5628F6B9D}.Ad-Hoc|Any CPU.Build.0 = Debug|Any CPU
		{0DA59FEF-1BAF-49AE-8A42-EEB5628F6B9D}.Ad-Hoc|Any CPU.Deploy.0 = Debug|Any CPU
		{0DA59FEF-1BAF-49AE-8A42-EEB5628F6B9D}.Ad-Hoc|ARM.ActiveCfg = Debug|Any CPU
		{0DA59FEF-1BAF-49AE-8A42-EEB5628F6B9D}.Ad-Hoc|ARM.Build.0 = Debug|Any CPU
		{0DA59FEF-1BAF-49AE-8A42-EEB5628F6B9D}.Ad-Hoc|ARM.Deploy.0 = Debug|Any CPU
		{0DA59FEF-1BAF-49AE-8A42-EEB5628F6B9D}.Ad-Hoc|iPhone.ActiveCfg = Debug|Any CPU
		{0DA59FEF-1BAF-49AE-8A42-EEB5628F6B9D}.Ad-Hoc|iPhone.Build.0 = Debug|Any CPU
		{0DA59FEF-1BAF-49AE-8A42-EEB5628F6B9D}.Ad-Hoc|iPhone.Deploy.0 = Debug|Any CPU
		{0DA59FEF-1BAF-49AE-8A42-EEB5628F6B9D}.Ad-Hoc|iPhoneSimulator.ActiveCfg = Debug|Any CPU
		{0DA59FEF-1BAF-49AE-8A42-EEB5628F6B9D}.Ad-Hoc|iPhoneSimulator.Build.0 = Debug|Any CPU
		{0DA59FEF-1BAF-49AE-8A42-EEB5628F6B9D}.Ad-Hoc|iPhoneSimulator.Deploy.0 = Debug|Any CPU
		{0DA59FEF-1BAF-49AE-8A42-EEB5628F6B9D}.Ad-Hoc|x64.ActiveCfg = Debug|Any CPU
		{0DA59FEF-1BAF-49AE-8A42-EEB5628F6B9D}.Ad-Hoc|x64.Build.0 = Debug|Any CPU
		{0DA59FEF-1BAF-49AE-8A42-EEB5628F6B9D}.Ad-Hoc|x64.Deploy.0 = Debug|Any CPU
		{0DA59FEF-1BAF-49AE-8A42-EEB5628F6B9D}.Ad-Hoc|x86.ActiveCfg = Debug|Any CPU
		{0DA59FEF-1BAF-49AE-8A42-EEB5628F6B9D}.Ad-Hoc|x86.Build.0 = Debug|Any CPU
		{0DA59FEF-1BAF-49AE-8A42-EEB5628F6B9D}.Ad-Hoc|x86.Deploy.0 = Debug|Any CPU
		{0DA59FEF-1BAF-49AE-8A42-EEB5628F6B9D}.AppStore|Any CPU.ActiveCfg = Debug|Any CPU
		{0DA59FEF-1BAF-49AE-8A42-EEB5628F6B9D}.AppStore|Any CPU.Build.0 = Debug|Any CPU
		{0DA59FEF-1BAF-49AE-8A42-EEB5628F6B9D}.AppStore|Any CPU.Deploy.0 = Debug|Any CPU
		{0DA59FEF-1BAF-49AE-8A42-EEB5628F6B9D}.AppStore|ARM.ActiveCfg = Debug|Any CPU
		{0DA59FEF-1BAF-49AE-8A42-EEB5628F6B9D}.AppStore|ARM.Build.0 = Debug|Any CPU
		{0DA59FEF-1BAF-49AE-8A42-EEB5628F6B9D}.AppStore|ARM.Deploy.0 = Debug|Any CPU
		{0DA59FEF-1BAF-49AE-8A42-EEB5628F6B9D}.AppStore|iPhone.ActiveCfg = Debug|Any CPU
		{0DA59FEF-1BAF-49AE-8A42-EEB5628F6B9D}.AppStore|iPhone.Build.0 = Debug|Any CPU
		{0DA59FEF-1BAF-49AE-8A42-EEB5628F6B9D}.AppStore|iPhone.Deploy.0 = Debug|Any CPU
		{0DA59FEF-1BAF-49AE-8A42-EEB5628F6B9D}.AppStore|iPhoneSimulator.ActiveCfg = Debug|Any CPU
		{0DA59FEF-1BAF-49AE-8A42-EEB5628F6B9D}.AppStore|iPhoneSimulator.Build.0 = Debug|Any CPU
		{0DA59FEF-1BAF-49AE-8A42-EEB5628F6B9D}.AppStore|iPhoneSimulator.Deploy.0 = Debug|Any CPU
		{0DA59FEF-1BAF-49AE-8A42-EEB5628F6B9D}.AppStore|x64.ActiveCfg = Debug|Any CPU
		{0DA59FEF-1BAF-49AE-8A42-EEB5628F6B9D}.AppStore|x64.Build.0 = Debug|Any CPU
		{0DA59FEF-1BAF-49AE-8A42-EEB5628F6B9D}.AppStore|x64.Deploy.0 = Debug|Any CPU
		{0DA59FEF-1BAF-49AE-8A42-EEB5628F6B9D}.AppStore|x86.ActiveCfg = Debug|Any CPU
		{0DA59FEF-1BAF-49AE-8A42-EEB5628F6B9D}.AppStore|x86.Build.0 = Debug|Any CPU
		{0DA59FEF-1BAF-49AE-8A42-EEB5628F6B9D}.AppStore|x86.Deploy.0 = Debug|Any CPU
		{0DA59FEF-1BAF-49AE-8A42-EEB5628F6B9D}.Debug|Any CPU.ActiveCfg = Debug|Any CPU
		{0DA59FEF-1BAF-49AE-8A42-EEB5628F6B9D}.Debug|Any CPU.Build.0 = Debug|Any CPU
		{0DA59FEF-1BAF-49AE-8A42-EEB5628F6B9D}.Debug|Any CPU.Deploy.0 = Debug|Any CPU
		{0DA59FEF-1BAF-49AE-8A42-EEB5628F6B9D}.Debug|ARM.ActiveCfg = Debug|Any CPU
		{0DA59FEF-1BAF-49AE-8A42-EEB5628F6B9D}.Debug|ARM.Build.0 = Debug|Any CPU
		{0DA59FEF-1BAF-49AE-8A42-EEB5628F6B9D}.Debug|ARM.Deploy.0 = Debug|Any CPU
		{0DA59FEF-1BAF-49AE-8A42-EEB5628F6B9D}.Debug|iPhone.ActiveCfg = Debug|Any CPU
		{0DA59FEF-1BAF-49AE-8A42-EEB5628F6B9D}.Debug|iPhone.Build.0 = Debug|Any CPU
		{0DA59FEF-1BAF-49AE-8A42-EEB5628F6B9D}.Debug|iPhone.Deploy.0 = Debug|Any CPU
		{0DA59FEF-1BAF-49AE-8A42-EEB5628F6B9D}.Debug|iPhoneSimulator.ActiveCfg = Debug|Any CPU
		{0DA59FEF-1BAF-49AE-8A42-EEB5628F6B9D}.Debug|iPhoneSimulator.Build.0 = Debug|Any CPU
		{0DA59FEF-1BAF-49AE-8A42-EEB5628F6B9D}.Debug|iPhoneSimulator.Deploy.0 = Debug|Any CPU
		{0DA59FEF-1BAF-49AE-8A42-EEB5628F6B9D}.Debug|x64.ActiveCfg = Debug|Any CPU
		{0DA59FEF-1BAF-49AE-8A42-EEB5628F6B9D}.Debug|x64.Build.0 = Debug|Any CPU
		{0DA59FEF-1BAF-49AE-8A42-EEB5628F6B9D}.Debug|x64.Deploy.0 = Debug|Any CPU
		{0DA59FEF-1BAF-49AE-8A42-EEB5628F6B9D}.Debug|x86.ActiveCfg = Debug|Any CPU
		{0DA59FEF-1BAF-49AE-8A42-EEB5628F6B9D}.Debug|x86.Build.0 = Debug|Any CPU
		{0DA59FEF-1BAF-49AE-8A42-EEB5628F6B9D}.Debug|x86.Deploy.0 = Debug|Any CPU
		{0DA59FEF-1BAF-49AE-8A42-EEB5628F6B9D}.Release|Any CPU.ActiveCfg = Release|Any CPU
		{0DA59FEF-1BAF-49AE-8A42-EEB5628F6B9D}.Release|Any CPU.Build.0 = Release|Any CPU
		{0DA59FEF-1BAF-49AE-8A42-EEB5628F6B9D}.Release|Any CPU.Deploy.0 = Release|Any CPU
		{0DA59FEF-1BAF-49AE-8A42-EEB5628F6B9D}.Release|ARM.ActiveCfg = Release|Any CPU
		{0DA59FEF-1BAF-49AE-8A42-EEB5628F6B9D}.Release|ARM.Build.0 = Release|Any CPU
		{0DA59FEF-1BAF-49AE-8A42-EEB5628F6B9D}.Release|ARM.Deploy.0 = Release|Any CPU
		{0DA59FEF-1BAF-49AE-8A42-EEB5628F6B9D}.Release|iPhone.ActiveCfg = Release|Any CPU
		{0DA59FEF-1BAF-49AE-8A42-EEB5628F6B9D}.Release|iPhone.Build.0 = Release|Any CPU
		{0DA59FEF-1BAF-49AE-8A42-EEB5628F6B9D}.Release|iPhone.Deploy.0 = Release|Any CPU
		{0DA59FEF-1BAF-49AE-8A42-EEB5628F6B9D}.Release|iPhoneSimulator.ActiveCfg = Release|Any CPU
		{0DA59FEF-1BAF-49AE-8A42-EEB5628F6B9D}.Release|iPhoneSimulator.Build.0 = Release|Any CPU
		{0DA59FEF-1BAF-49AE-8A42-EEB5628F6B9D}.Release|iPhoneSimulator.Deploy.0 = Release|Any CPU
		{0DA59FEF-1BAF-49AE-8A42-EEB5628F6B9D}.Release|x64.ActiveCfg = Release|Any CPU
		{0DA59FEF-1BAF-49AE-8A42-EEB5628F6B9D}.Release|x64.Build.0 = Release|Any CPU
		{0DA59FEF-1BAF-49AE-8A42-EEB5628F6B9D}.Release|x64.Deploy.0 = Release|Any CPU
		{0DA59FEF-1BAF-49AE-8A42-EEB5628F6B9D}.Release|x86.ActiveCfg = Release|Any CPU
		{0DA59FEF-1BAF-49AE-8A42-EEB5628F6B9D}.Release|x86.Build.0 = Release|Any CPU
		{0DA59FEF-1BAF-49AE-8A42-EEB5628F6B9D}.Release|x86.Deploy.0 = Release|Any CPU
	EndGlobalSection
	GlobalSection(SolutionProperties) = preSolution
		HideSolutionNode = FALSE
	EndGlobalSection
	GlobalSection(ExtensibilityGlobals) = postSolution
		SolutionGuid = {55DCBCC0-726E-4F63-98C6-F10B37268619}
	EndGlobalSection
EndGlobal
